
Microsoft Visual Studio Solution File, Format Version 12.00
# Visual Studio 14
VisualStudioVersion = 14.0.25420.1
MinimumVisualStudioVersion = 10.0.40219.1
Project("{FAE04EC0-301F-11D3-BF4B-00C04F79EFBC}") = "01_SingletonDemo", "01_SingletonDemo\01_SingletonDemo.csproj", "{1832D76B-ACCE-462F-8E50-6EF977916C46}"
EndProject
Project("{FAE04EC0-301F-11D3-BF4B-00C04F79EFBC}") = "02_SimpleFactory", "02_SimpleFactory\02_SimpleFactory.csproj", "{93CF42B0-5EB7-4974-9F7D-9D525D6AFDF7}"
EndProject
Project("{2150E333-8FDC-42A3-9474-1A3956D46DE8}") = "Object-OrientedDesignPrinciples", "Object-OrientedDesignPrinciples", "{362ACBDB-E0E8-450F-93B1-505C9BD69164}"
	ProjectSection(SolutionItems) = preProject
		ReadMe.txt = ReadMe.txt
		设计模式六大原则.txt = 设计模式六大原则.txt
	EndProjectSection
EndProject
Project("{FAE04EC0-301F-11D3-BF4B-00C04F79EFBC}") = "03_TheFactoryMethod", "03_TheFactoryMethod\03_TheFactoryMethod.csproj", "{7DECCE8B-5FBA-479E-A58D-443C64DD30C3}"
EndProject
Project("{FAE04EC0-301F-11D3-BF4B-00C04F79EFBC}") = "04_AbstractFactory", "04_AbstractFactory\04_AbstractFactory.csproj", "{6768A6C8-8A8E-4E99-B799-047353437873}"
EndProject
Project("{FAE04EC0-301F-11D3-BF4B-00C04F79EFBC}") = "05_Builder", "05_Builder\05_Builder.csproj", "{79E47E9A-E56A-4A49-BD54-EC04CA184A7F}"
EndProject
Project("{FAE04EC0-301F-11D3-BF4B-00C04F79EFBC}") = "06_PrototypePattern", "06_PrototypePattern\06_PrototypePattern.csproj", "{B0D28211-E3A6-43FD-8813-6B81DE8648C8}"
EndProject
Project("{FAE04EC0-301F-11D3-BF4B-00C04F79EFBC}") = "07_AdapterPattern", "07_AdapterPattern\07_AdapterPattern.csproj", "{EB6E920B-9D4C-43B7-AD67-BBDACABE1975}"
EndProject
Project("{FAE04EC0-301F-11D3-BF4B-00C04F79EFBC}") = "08_BridgePattern", "08_BridgePattern\08_BridgePattern.csproj", "{7A7078C5-6E6D-413A-9A64-EDB9B52CF1F2}"
EndProject
Project("{FAE04EC0-301F-11D3-BF4B-00C04F79EFBC}") = "09_DecoratorPattern", "09_DecoratorPattern\09_DecoratorPattern.csproj", "{AE574B18-B814-4F2F-8A52-EB9014C353D1}"
EndProject
Project("{FAE04EC0-301F-11D3-BF4B-00C04F79EFBC}") = "10_CompositePattern", "10_CompositePattern\10_CompositePattern.csproj", "{5AD1B295-A3F0-4967-A444-C542465FE105}"
EndProject
Project("{FAE04EC0-301F-11D3-BF4B-00C04F79EFBC}") = "11_FacadePattern", "11_FacadePattern\11_FacadePattern.csproj", "{82EBB2B2-5FD0-49AE-A341-0D6F03089713}"
EndProject
Project("{FAE04EC0-301F-11D3-BF4B-00C04F79EFBC}") = "12_FlyweightPattern", "12_FlyweightPattern\12_FlyweightPattern.csproj", "{A6B87D20-5281-4505-87C1-52C27B0A4D8A}"
EndProject
Project("{FAE04EC0-301F-11D3-BF4B-00C04F79EFBC}") = "13_ProxyPattern", "13_ProxyPattern\13_ProxyPattern.csproj", "{55B30058-D454-4FC4-949D-C6D83CFB55FF}"
EndProject
Project("{FAE04EC0-301F-11D3-BF4B-00C04F79EFBC}") = "14_TemplateMethodPattern", "14_TemplateMethodPattern\14_TemplateMethodPattern.csproj", "{A42A9F31-CFF2-4A35-B05F-31DF91EAB3E6}"
EndProject
Project("{FAE04EC0-301F-11D3-BF4B-00C04F79EFBC}") = "15_CommandPattern", "15_CommandPattern\15_CommandPattern.csproj", "{28E1F84D-CCB7-40E9-8424-8CBEB1C87955}"
EndProject
Project("{FAE04EC0-301F-11D3-BF4B-00C04F79EFBC}") = "16_IteratorPattern", "16_IteratorPattern\16_IteratorPattern.csproj", "{47659B44-D593-4DFE-9AEA-FC77EF804ED2}"
EndProject
Project("{FAE04EC0-301F-11D3-BF4B-00C04F79EFBC}") = "17_ObserverPattern", "17_ObserverPattern\17_ObserverPattern.csproj", "{4EE74676-3600-4F3C-8FB9-08AB951C7458}"
EndProject
Project("{FAE04EC0-301F-11D3-BF4B-00C04F79EFBC}") = "18_MediatorPattern", "18_MediatorPattern\18_MediatorPattern.csproj", "{3F9690C4-AC6E-41F3-B3CD-3744B06B3D15}"
EndProject
Global
	GlobalSection(SolutionConfigurationPlatforms) = preSolution
		Debug|Any CPU = Debug|Any CPU
		Release|Any CPU = Release|Any CPU
	EndGlobalSection
	GlobalSection(ProjectConfigurationPlatforms) = postSolution
		{1832D76B-ACCE-462F-8E50-6EF977916C46}.Debug|Any CPU.ActiveCfg = Debug|Any CPU
		{1832D76B-ACCE-462F-8E50-6EF977916C46}.Debug|Any CPU.Build.0 = Debug|Any CPU
		{1832D76B-ACCE-462F-8E50-6EF977916C46}.Release|Any CPU.ActiveCfg = Release|Any CPU
		{1832D76B-ACCE-462F-8E50-6EF977916C46}.Release|Any CPU.Build.0 = Release|Any CPU
		{93CF42B0-5EB7-4974-9F7D-9D525D6AFDF7}.Debug|Any CPU.ActiveCfg = Debug|Any CPU
		{93CF42B0-5EB7-4974-9F7D-9D525D6AFDF7}.Debug|Any CPU.Build.0 = Debug|Any CPU
		{93CF42B0-5EB7-4974-9F7D-9D525D6AFDF7}.Release|Any CPU.ActiveCfg = Release|Any CPU
		{93CF42B0-5EB7-4974-9F7D-9D525D6AFDF7}.Release|Any CPU.Build.0 = Release|Any CPU
		{7DECCE8B-5FBA-479E-A58D-443C64DD30C3}.Debug|Any CPU.ActiveCfg = Debug|Any CPU
		{7DECCE8B-5FBA-479E-A58D-443C64DD30C3}.Debug|Any CPU.Build.0 = Debug|Any CPU
		{7DECCE8B-5FBA-479E-A58D-443C64DD30C3}.Release|Any CPU.ActiveCfg = Release|Any CPU
		{7DECCE8B-5FBA-479E-A58D-443C64DD30C3}.Release|Any CPU.Build.0 = Release|Any CPU
		{6768A6C8-8A8E-4E99-B799-047353437873}.Debug|Any CPU.ActiveCfg = Debug|Any CPU
		{6768A6C8-8A8E-4E99-B799-047353437873}.Debug|Any CPU.Build.0 = Debug|Any CPU
		{6768A6C8-8A8E-4E99-B799-047353437873}.Release|Any CPU.ActiveCfg = Release|Any CPU
		{6768A6C8-8A8E-4E99-B799-047353437873}.Release|Any CPU.Build.0 = Release|Any CPU
		{79E47E9A-E56A-4A49-BD54-EC04CA184A7F}.Debug|Any CPU.ActiveCfg = Debug|Any CPU
		{79E47E9A-E56A-4A49-BD54-EC04CA184A7F}.Debug|Any CPU.Build.0 = Debug|Any CPU
		{79E47E9A-E56A-4A49-BD54-EC04CA184A7F}.Release|Any CPU.ActiveCfg = Release|Any CPU
		{79E47E9A-E56A-4A49-BD54-EC04CA184A7F}.Release|Any CPU.Build.0 = Release|Any CPU
		{B0D28211-E3A6-43FD-8813-6B81DE8648C8}.Debug|Any CPU.ActiveCfg = Debug|Any CPU
		{B0D28211-E3A6-43FD-8813-6B81DE8648C8}.Debug|Any CPU.Build.0 = Debug|Any CPU
		{B0D28211-E3A6-43FD-8813-6B81DE8648C8}.Release|Any CPU.ActiveCfg = Release|Any CPU
		{B0D28211-E3A6-43FD-8813-6B81DE8648C8}.Release|Any CPU.Build.0 = Release|Any CPU
		{EB6E920B-9D4C-43B7-AD67-BBDACABE1975}.Debug|Any CPU.ActiveCfg = Debug|Any CPU
		{EB6E920B-9D4C-43B7-AD67-BBDACABE1975}.Debug|Any CPU.Build.0 = Debug|Any CPU
		{EB6E920B-9D4C-43B7-AD67-BBDACABE1975}.Release|Any CPU.ActiveCfg = Release|Any CPU
		{EB6E920B-9D4C-43B7-AD67-BBDACABE1975}.Release|Any CPU.Build.0 = Release|Any CPU
		{7A7078C5-6E6D-413A-9A64-EDB9B52CF1F2}.Debug|Any CPU.ActiveCfg = Debug|Any CPU
		{7A7078C5-6E6D-413A-9A64-EDB9B52CF1F2}.Debug|Any CPU.Build.0 = Debug|Any CPU
		{7A7078C5-6E6D-413A-9A64-EDB9B52CF1F2}.Release|Any CPU.ActiveCfg = Release|Any CPU
		{7A7078C5-6E6D-413A-9A64-EDB9B52CF1F2}.Release|Any CPU.Build.0 = Release|Any CPU
		{AE574B18-B814-4F2F-8A52-EB9014C353D1}.Debug|Any CPU.ActiveCfg = Debug|Any CPU
		{AE574B18-B814-4F2F-8A52-EB9014C353D1}.Debug|Any CPU.Build.0 = Debug|Any CPU
		{AE574B18-B814-4F2F-8A52-EB9014C353D1}.Release|Any CPU.ActiveCfg = Release|Any CPU
		{AE574B18-B814-4F2F-8A52-EB9014C353D1}.Release|Any CPU.Build.0 = Release|Any CPU
		{5AD1B295-A3F0-4967-A444-C542465FE105}.Debug|Any CPU.ActiveCfg = Debug|Any CPU
		{5AD1B295-A3F0-4967-A444-C542465FE105}.Debug|Any CPU.Build.0 = Debug|Any CPU
		{5AD1B295-A3F0-4967-A444-C542465FE105}.Release|Any CPU.ActiveCfg = Release|Any CPU
		{5AD1B295-A3F0-4967-A444-C542465FE105}.Release|Any CPU.Build.0 = Release|Any CPU
		{82EBB2B2-5FD0-49AE-A341-0D6F03089713}.Debug|Any CPU.ActiveCfg = Debug|Any CPU
		{82EBB2B2-5FD0-49AE-A341-0D6F03089713}.Debug|Any CPU.Build.0 = Debug|Any CPU
		{82EBB2B2-5FD0-49AE-A341-0D6F03089713}.Release|Any CPU.ActiveCfg = Release|Any CPU
		{82EBB2B2-5FD0-49AE-A341-0D6F03089713}.Release|Any CPU.Build.0 = Release|Any CPU
		{A6B87D20-5281-4505-87C1-52C27B0A4D8A}.Debug|Any CPU.ActiveCfg = Debug|Any CPU
		{A6B87D20-5281-4505-87C1-52C27B0A4D8A}.Debug|Any CPU.Build.0 = Debug|Any CPU
		{A6B87D20-5281-4505-87C1-52C27B0A4D8A}.Release|Any CPU.ActiveCfg = Release|Any CPU
		{A6B87D20-5281-4505-87C1-52C27B0A4D8A}.Release|Any CPU.Build.0 = Release|Any CPU
		{55B30058-D454-4FC4-949D-C6D83CFB55FF}.Debug|Any CPU.ActiveCfg = Debug|Any CPU
		{55B30058-D454-4FC4-949D-C6D83CFB55FF}.Debug|Any CPU.Build.0 = Debug|Any CPU
		{55B30058-D454-4FC4-949D-C6D83CFB55FF}.Release|Any CPU.ActiveCfg = Release|Any CPU
		{55B30058-D454-4FC4-949D-C6D83CFB55FF}.Release|Any CPU.Build.0 = Release|Any CPU
		{A42A9F31-CFF2-4A35-B05F-31DF91EAB3E6}.Debug|Any CPU.ActiveCfg = Debug|Any CPU
		{A42A9F31-CFF2-4A35-B05F-31DF91EAB3E6}.Debug|Any CPU.Build.0 = Debug|Any CPU
		{A42A9F31-CFF2-4A35-B05F-31DF91EAB3E6}.Release|Any CPU.ActiveCfg = Release|Any CPU
		{A42A9F31-CFF2-4A35-B05F-31DF91EAB3E6}.Release|Any CPU.Build.0 = Release|Any CPU
		{28E1F84D-CCB7-40E9-8424-8CBEB1C87955}.Debug|Any CPU.ActiveCfg = Debug|Any CPU
		{28E1F84D-CCB7-40E9-8424-8CBEB1C87955}.Debug|Any CPU.Build.0 = Debug|Any CPU
		{28E1F84D-CCB7-40E9-8424-8CBEB1C87955}.Release|Any CPU.ActiveCfg = Release|Any CPU
		{28E1F84D-CCB7-40E9-8424-8CBEB1C87955}.Release|Any CPU.Build.0 = Release|Any CPU
		{47659B44-D593-4DFE-9AEA-FC77EF804ED2}.Debug|Any CPU.ActiveCfg = Debug|Any CPU
		{47659B44-D593-4DFE-9AEA-FC77EF804ED2}.Debug|Any CPU.Build.0 = Debug|Any CPU
		{47659B44-D593-4DFE-9AEA-FC77EF804ED2}.Release|Any CPU.ActiveCfg = Release|Any CPU
		{47659B44-D593-4DFE-9AEA-FC77EF804ED2}.Release|Any CPU.Build.0 = Release|Any CPU
		{4EE74676-3600-4F3C-8FB9-08AB951C7458}.Debug|Any CPU.ActiveCfg = Debug|Any CPU
		{4EE74676-3600-4F3C-8FB9-08AB951C7458}.Debug|Any CPU.Build.0 = Debug|Any CPU
		{4EE74676-3600-4F3C-8FB9-08AB951C7458}.Release|Any CPU.ActiveCfg = Release|Any CPU
		{4EE74676-3600-4F3C-8FB9-08AB951C7458}.Release|Any CPU.Build.0 = Release|Any CPU
		{3F9690C4-AC6E-41F3-B3CD-3744B06B3D15}.Debug|Any CPU.ActiveCfg = Debug|Any CPU
		{3F9690C4-AC6E-41F3-B3CD-3744B06B3D15}.Debug|Any CPU.Build.0 = Debug|Any CPU
		{3F9690C4-AC6E-41F3-B3CD-3744B06B3D15}.Release|Any CPU.ActiveCfg = Release|Any CPU
		{3F9690C4-AC6E-41F3-B3CD-3744B06B3D15}.Release|Any CPU.Build.0 = Release|Any CPU
	EndGlobalSection
	GlobalSection(SolutionProperties) = preSolution
		HideSolutionNode = FALSE
	EndGlobalSection
EndGlobal
